
Microsoft Visual Studio Solution File, Format Version 12.00
# Visual Studio Version 16
VisualStudioVersion = 16.0.30611.23
MinimumVisualStudioVersion = 10.0.40219.1
Project("{FAE04EC0-301F-11D3-BF4B-00C04F79EFBC}") = "FrontEndSmartCoiffure.Android", "FrontEndSmartCoiffure\FrontEndSmartCoiffure.Android\FrontEndSmartCoiffure.Android.csproj", "{3D156A3D-EBBE-4E3B-99B0-D87FFBCD0F60}"
EndProject
Project("{FAE04EC0-301F-11D3-BF4B-00C04F79EFBC}") = "FrontEndSmartCoiffure.iOS", "FrontEndSmartCoiffure\FrontEndSmartCoiffure.iOS\FrontEndSmartCoiffure.iOS.csproj", "{2FAB12F0-B962-4C49-BBFB-CAA4433CE35A}"
EndProject
Project("{FAE04EC0-301F-11D3-BF4B-00C04F79EFBC}") = "FrontEndSmartCoiffure", "FrontEndSmartCoiffure\FrontEndSmartCoiffure\FrontEndSmartCoiffure.csproj", "{AA9117A7-9340-4689-9F32-C32692B84C5B}"
EndProject
Global
	GlobalSection(SolutionConfigurationPlatforms) = preSolution
		Debug|Any CPU = Debug|Any CPU
		Debug|iPhone = Debug|iPhone
		Debug|iPhoneSimulator = Debug|iPhoneSimulator
		Release|Any CPU = Release|Any CPU
		Release|iPhone = Release|iPhone
		Release|iPhoneSimulator = Release|iPhoneSimulator
	EndGlobalSection
	GlobalSection(ProjectConfigurationPlatforms) = postSolution
		{3D156A3D-EBBE-4E3B-99B0-D87FFBCD0F60}.Debug|Any CPU.ActiveCfg = Debug|Any CPU
		{3D156A3D-EBBE-4E3B-99B0-D87FFBCD0F60}.Debug|Any CPU.Build.0 = Debug|Any CPU
		{3D156A3D-EBBE-4E3B-99B0-D87FFBCD0F60}.Debug|Any CPU.Deploy.0 = Debug|Any CPU
		{3D156A3D-EBBE-4E3B-99B0-D87FFBCD0F60}.Debug|iPhone.ActiveCfg = Debug|Any CPU
		{3D156A3D-EBBE-4E3B-99B0-D87FFBCD0F60}.Debug|iPhone.Build.0 = Debug|Any CPU
		{3D156A3D-EBBE-4E3B-99B0-D87FFBCD0F60}.Debug|iPhone.Deploy.0 = Debug|Any CPU
		{3D156A3D-EBBE-4E3B-99B0-D87FFBCD0F60}.Debug|iPhoneSimulator.ActiveCfg = Debug|Any CPU
		{3D156A3D-EBBE-4E3B-99B0-D87FFBCD0F60}.Debug|iPhoneSimulator.Build.0 = Debug|Any CPU
		{3D156A3D-EBBE-4E3B-99B0-D87FFBCD0F60}.Debug|iPhoneSimulator.Deploy.0 = Debug|Any CPU
		{3D156A3D-EBBE-4E3B-99B0-D87FFBCD0F60}.Release|Any CPU.ActiveCfg = Release|Any CPU
		{3D156A3D-EBBE-4E3B-99B0-D87FFBCD0F60}.Release|Any CPU.Build.0 = Release|Any CPU
		{3D156A3D-EBBE-4E3B-99B0-D87FFBCD0F60}.Release|Any CPU.Deploy.0 = Release|Any CPU
		{3D156A3D-EBBE-4E3B-99B0-D87FFBCD0F60}.Release|iPhone.ActiveCfg = Release|Any CPU
		{3D156A3D-EBBE-4E3B-99B0-D87FFBCD0F60}.Release|iPhone.Build.0 = Release|Any CPU
		{3D156A3D-EBBE-4E3B-99B0-D87FFBCD0F60}.Release|iPhone.Deploy.0 = Release|Any CPU
		{3D156A3D-EBBE-4E3B-99B0-D87FFBCD0F60}.Release|iPhoneSimulator.ActiveCfg = Release|Any CPU
		{3D156A3D-EBBE-4E3B-99B0-D87FFBCD0F60}.Release|iPhoneSimulator.Build.0 = Release|Any CPU
		{3D156A3D-EBBE-4E3B-99B0-D87FFBCD0F60}.Release|iPhoneSimulator.Deploy.0 = Release|Any CPU
		{2FAB12F0-B962-4C49-BBFB-CAA4433CE35A}.Debug|Any CPU.ActiveCfg = Debug|iPhone
		{2FAB12F0-B962-4C49-BBFB-CAA4433CE35A}.Debug|Any CPU.Build.0 = Debug|iPhone
		{2FAB12F0-B962-4C49-BBFB-CAA4433CE35A}.Debug|Any CPU.Deploy.0 = Debug|iPhone
		{2FAB12F0-B962-4C49-BBFB-CAA4433CE35A}.Debug|iPhone.ActiveCfg = Debug|iPhone
		{2FAB12F0-B962-4C49-BBFB-CAA4433CE35A}.Debug|iPhone.Build.0 = Debug|iPhone
		{2FAB12F0-B962-4C49-BBFB-CAA4433CE35A}.Debug|iPhone.Deploy.0 = Debug|iPhone
		{2FAB12F0-B962-4C49-BBFB-CAA4433CE35A}.Debug|iPhoneSimulator.ActiveCfg = Debug|iPhoneSimulator
		{2FAB12F0-B962-4C49-BBFB-CAA4433CE35A}.Debug|iPhoneSimulator.Build.0 = Debug|iPhoneSimulator
		{2FAB12F0-B962-4C49-BBFB-CAA4433CE35A}.Debug|iPhoneSimulator.Deploy.0 = Debug|iPhoneSimulator
		{2FAB12F0-B962-4C49-BBFB-CAA4433CE35A}.Release|Any CPU.ActiveCfg = Release|iPhoneSimulator
		{2FAB12F0-B962-4C49-BBFB-CAA4433CE35A}.Release|Any CPU.Build.0 = Release|iPhoneSimulator
		{2FAB12F0-B962-4C49-BBFB-CAA4433CE35A}.Release|Any CPU.Deploy.0 = Release|iPhoneSimulator
		{2FAB12F0-B962-4C49-BBFB-CAA4433CE35A}.Release|iPhone.ActiveCfg = Release|iPhone
		{2FAB12F0-B962-4C49-BBFB-CAA4433CE35A}.Release|iPhone.Build.0 = Release|iPhone
		{2FAB12F0-B962-4C49-BBFB-CAA4433CE35A}.Release|iPhone.Deploy.0 = Release|iPhone
		{2FAB12F0-B962-4C49-BBFB-CAA4433CE35A}.Release|iPhoneSimulator.ActiveCfg = Release|iPhoneSimulator
		{2FAB12F0-B962-4C49-BBFB-CAA4433CE35A}.Release|iPhoneSimulator.Build.0 = Release|iPhoneSimulator
		{2FAB12F0-B962-4C49-BBFB-CAA4433CE35A}.Release|iPhoneSimulator.Deploy.0 = Release|iPhoneSimulator
		{AA9117A7-9340-4689-9F32-C32692B84C5B}.Debug|Any CPU.ActiveCfg = Debug|Any CPU
		{AA9117A7-9340-4689-9F32-C32692B84C5B}.Debug|Any CPU.Build.0 = Debug|Any CPU
		{AA9117A7-9340-4689-9F32-C32692B84C5B}.Debug|Any CPU.Deploy.0 = Debug|Any CPU
		{AA9117A7-9340-4689-9F32-C32692B84C5B}.Debug|iPhone.ActiveCfg = Debug|Any CPU
		{AA9117A7-9340-4689-9F32-C32692B84C5B}.Debug|iPhone.Build.0 = Debug|Any CPU
		{AA9117A7-9340-4689-9F32-C32692B84C5B}.Debug|iPhone.Deploy.0 = Debug|Any CPU
		{AA9117A7-9340-4689-9F32-C32692B84C5B}.Debug|iPhoneSimulator.ActiveCfg = Debug|Any CPU
		{AA9117A7-9340-4689-9F32-C32692B84C5B}.Debug|iPhoneSimulator.Build.0 = Debug|Any CPU
		{AA9117A7-9340-4689-9F32-C32692B84C5B}.Debug|iPhoneSimulator.Deploy.0 = Debug|Any CPU
		{AA9117A7-9340-4689-9F32-C32692B84C5B}.Release|Any CPU.ActiveCfg = Release|Any CPU
		{AA9117A7-9340-4689-9F32-C32692B84C5B}.Release|Any CPU.Build.0 = Release|Any CPU
		{AA9117A7-9340-4689-9F32-C32692B84C5B}.Release|Any CPU.Deploy.0 = Release|Any CPU
		{AA9117A7-9340-4689-9F32-C32692B84C5B}.Release|iPhone.ActiveCfg = Release|Any CPU
		{AA9117A7-9340-4689-9F32-C32692B84C5B}.Release|iPhone.Build.0 = Release|Any CPU
		{AA9117A7-9340-4689-9F32-C32692B84C5B}.Release|iPhone.Deploy.0 = Release|Any CPU
		{AA9117A7-9340-4689-9F32-C32692B84C5B}.Release|iPhoneSimulator.ActiveCfg = Release|Any CPU
		{AA9117A7-9340-4689-9F32-C32692B84C5B}.Release|iPhoneSimulator.Build.0 = Release|Any CPU
		{AA9117A7-9340-4689-9F32-C32692B84C5B}.Release|iPhoneSimulator.Deploy.0 = Release|Any CPU
	EndGlobalSection
	GlobalSection(SolutionProperties) = preSolution
		HideSolutionNode = FALSE
	EndGlobalSection
	GlobalSection(ExtensibilityGlobals) = postSolution
		SolutionGuid = {1AF220B2-281D-43DE-9D32-D3EF957F9CAC}
	EndGlobalSection
EndGlobal
